// !$*UTF8*$!
{
	archiveVersion = 1;
	classes = {
	};
	objectVersion = 50;
	objects = {

/* Begin PBXBuildFile section */
		545DEDD526217A5800EE369D /* ExchangeRatesApp.swift in Sources */ = {isa = PBXBuildFile; fileRef = 545DEDD426217A5800EE369D /* ExchangeRatesApp.swift */; };
		545DEDD926217A5C00EE369D /* Assets.xcassets in Resources */ = {isa = PBXBuildFile; fileRef = 545DEDD826217A5C00EE369D /* Assets.xcassets */; };
		545DEDDC26217A5C00EE369D /* Preview Assets.xcassets in Resources */ = {isa = PBXBuildFile; fileRef = 545DEDDB26217A5C00EE369D /* Preview Assets.xcassets */; };
		545DEDDE26217A5C00EE369D /* Persistence.swift in Sources */ = {isa = PBXBuildFile; fileRef = 545DEDDD26217A5C00EE369D /* Persistence.swift */; };
		545DEDE126217A5C00EE369D /* ExchangeRates.xcdatamodeld in Sources */ = {isa = PBXBuildFile; fileRef = 545DEDDF26217A5C00EE369D /* ExchangeRates.xcdatamodeld */; };
		545DEDEC26217A5D00EE369D /* ExchangeRatesTests.swift in Sources */ = {isa = PBXBuildFile; fileRef = 545DEDEB26217A5D00EE369D /* ExchangeRatesTests.swift */; };
		545DEDF726217A5D00EE369D /* ExchangeRatesUITests.swift in Sources */ = {isa = PBXBuildFile; fileRef = 545DEDF626217A5D00EE369D /* ExchangeRatesUITests.swift */; };
		545DEE0826217CD500EE369D /* Rates.swift in Sources */ = {isa = PBXBuildFile; fileRef = 545DEE0726217CD500EE369D /* Rates.swift */; };
		545DEE222621A94200EE369D /* EditRates.swift in Sources */ = {isa = PBXBuildFile; fileRef = 545DEE212621A94200EE369D /* EditRates.swift */; };
		545DEE302621B40500EE369D /* BaseRate.swift in Sources */ = {isa = PBXBuildFile; fileRef = 545DEE2F2621B40500EE369D /* BaseRate.swift */; };
/* End PBXBuildFile section */

/* Begin PBXContainerItemProxy section */
		545DEDE826217A5D00EE369D /* PBXContainerItemProxy */ = {
			isa = PBXContainerItemProxy;
			containerPortal = 545DEDC926217A5800EE369D /* Project object */;
			proxyType = 1;
			remoteGlobalIDString = 545DEDD026217A5800EE369D;
			remoteInfo = ExchangeRates;
		};
		545DEDF326217A5D00EE369D /* PBXContainerItemProxy */ = {
			isa = PBXContainerItemProxy;
			containerPortal = 545DEDC926217A5800EE369D /* Project object */;
			proxyType = 1;
			remoteGlobalIDString = 545DEDD026217A5800EE369D;
			remoteInfo = ExchangeRates;
		};
/* End PBXContainerItemProxy section */

/* Begin PBXFileReference section */
		545DEDD126217A5800EE369D /* ExchangeRates.app */ = {isa = PBXFileReference; explicitFileType = wrapper.application; includeInIndex = 0; path = ExchangeRates.app; sourceTree = BUILT_PRODUCTS_DIR; };
		545DEDD426217A5800EE369D /* ExchangeRatesApp.swift */ = {isa = PBXFileReference; lastKnownFileType = sourcecode.swift; path = ExchangeRatesApp.swift; sourceTree = "<group>"; };
		545DEDD826217A5C00EE369D /* Assets.xcassets */ = {isa = PBXFileReference; lastKnownFileType = folder.assetcatalog; path = Assets.xcassets; sourceTree = "<group>"; };
		545DEDDB26217A5C00EE369D /* Preview Assets.xcassets */ = {isa = PBXFileReference; lastKnownFileType = folder.assetcatalog; path = "Preview Assets.xcassets"; sourceTree = "<group>"; };
		545DEDDD26217A5C00EE369D /* Persistence.swift */ = {isa = PBXFileReference; lastKnownFileType = sourcecode.swift; path = Persistence.swift; sourceTree = "<group>"; };
		545DEDE026217A5C00EE369D /* ExchangeRates.xcdatamodel */ = {isa = PBXFileReference; lastKnownFileType = wrapper.xcdatamodel; path = ExchangeRates.xcdatamodel; sourceTree = "<group>"; };
		545DEDE226217A5C00EE369D /* Info.plist */ = {isa = PBXFileReference; lastKnownFileType = text.plist.xml; path = Info.plist; sourceTree = "<group>"; };
		545DEDE726217A5D00EE369D /* ExchangeRatesTests.xctest */ = {isa = PBXFileReference; explicitFileType = wrapper.cfbundle; includeInIndex = 0; path = ExchangeRatesTests.xctest; sourceTree = BUILT_PRODUCTS_DIR; };
		545DEDEB26217A5D00EE369D /* ExchangeRatesTests.swift */ = {isa = PBXFileReference; lastKnownFileType = sourcecode.swift; path = ExchangeRatesTests.swift; sourceTree = "<group>"; };
		545DEDED26217A5D00EE369D /* Info.plist */ = {isa = PBXFileReference; lastKnownFileType = text.plist.xml; path = Info.plist; sourceTree = "<group>"; };
		545DEDF226217A5D00EE369D /* ExchangeRatesUITests.xctest */ = {isa = PBXFileReference; explicitFileType = wrapper.cfbundle; includeInIndex = 0; path = ExchangeRatesUITests.xctest; sourceTree = BUILT_PRODUCTS_DIR; };
		545DEDF626217A5D00EE369D /* ExchangeRatesUITests.swift */ = {isa = PBXFileReference; lastKnownFileType = sourcecode.swift; path = ExchangeRatesUITests.swift; sourceTree = "<group>"; };
		545DEDF826217A5D00EE369D /* Info.plist */ = {isa = PBXFileReference; lastKnownFileType = text.plist.xml; path = Info.plist; sourceTree = "<group>"; };
		545DEE0726217CD500EE369D /* Rates.swift */ = {isa = PBXFileReference; lastKnownFileType = sourcecode.swift; path = Rates.swift; sourceTree = "<group>"; };
		545DEE212621A94200EE369D /* EditRates.swift */ = {isa = PBXFileReference; lastKnownFileType = sourcecode.swift; path = EditRates.swift; sourceTree = "<group>"; };
		545DEE2F2621B40500EE369D /* BaseRate.swift */ = {isa = PBXFileReference; lastKnownFileType = sourcecode.swift; path = BaseRate.swift; sourceTree = "<group>"; };
/* End PBXFileReference section */

/* Begin PBXFrameworksBuildPhase section */
		545DEDCE26217A5800EE369D /* Frameworks */ = {
			isa = PBXFrameworksBuildPhase;
			buildActionMask = 2147483647;
			files = (
			);
			runOnlyForDeploymentPostprocessing = 0;
		};
		545DEDE426217A5D00EE369D /* Frameworks */ = {
			isa = PBXFrameworksBuildPhase;
			buildActionMask = 2147483647;
			files = (
			);
			runOnlyForDeploymentPostprocessing = 0;
		};
		545DEDEF26217A5D00EE369D /* Frameworks */ = {
			isa = PBXFrameworksBuildPhase;
			buildActionMask = 2147483647;
			files = (
			);
			runOnlyForDeploymentPostprocessing = 0;
		};
/* End PBXFrameworksBuildPhase section */

/* Begin PBXGroup section */
		545DEDC826217A5800EE369D = {
			isa = PBXGroup;
			children = (
				545DEDD326217A5800EE369D /* ExchangeRates */,
				545DEDEA26217A5D00EE369D /* ExchangeRatesTests */,
				545DEDF526217A5D00EE369D /* ExchangeRatesUITests */,
				545DEDD226217A5800EE369D /* Products */,
			);
			sourceTree = "<group>";
		};
		545DEDD226217A5800EE369D /* Products */ = {
			isa = PBXGroup;
			children = (
				545DEDD126217A5800EE369D /* ExchangeRates.app */,
				545DEDE726217A5D00EE369D /* ExchangeRatesTests.xctest */,
				545DEDF226217A5D00EE369D /* ExchangeRatesUITests.xctest */,
			);
			name = Products;
			sourceTree = "<group>";
		};
		545DEDD326217A5800EE369D /* ExchangeRates */ = {
			isa = PBXGroup;
			children = (
				545DEE2F2621B40500EE369D /* BaseRate.swift */,
				545DEE212621A94200EE369D /* EditRates.swift */,
				545DEDD426217A5800EE369D /* ExchangeRatesApp.swift */,
				545DEE0726217CD500EE369D /* Rates.swift */,
				545DEDD826217A5C00EE369D /* Assets.xcassets */,
				545DEDDD26217A5C00EE369D /* Persistence.swift */,
				545DEDE226217A5C00EE369D /* Info.plist */,
				545DEDDF26217A5C00EE369D /* ExchangeRates.xcdatamodeld */,
				545DEDDA26217A5C00EE369D /* Preview Content */,
			);
			path = ExchangeRates;
			sourceTree = "<group>";
		};
		545DEDDA26217A5C00EE369D /* Preview Content */ = {
			isa = PBXGroup;
			children = (
				545DEDDB26217A5C00EE369D /* Preview Assets.xcassets */,
			);
			path = "Preview Content";
			sourceTree = "<group>";
		};
		545DEDEA26217A5D00EE369D /* ExchangeRatesTests */ = {
			isa = PBXGroup;
			children = (
				545DEDEB26217A5D00EE369D /* ExchangeRatesTests.swift */,
				545DEDED26217A5D00EE369D /* Info.plist */,
			);
			path = ExchangeRatesTests;
			sourceTree = "<group>";
		};
		545DEDF526217A5D00EE369D /* ExchangeRatesUITests */ = {
			isa = PBXGroup;
			children = (
				545DEDF626217A5D00EE369D /* ExchangeRatesUITests.swift */,
				545DEDF826217A5D00EE369D /* Info.plist */,
			);
			path = ExchangeRatesUITests;
			sourceTree = "<group>";
		};
/* End PBXGroup section */

/* Begin PBXNativeTarget section */
		545DEDD026217A5800EE369D /* ExchangeRates */ = {
			isa = PBXNativeTarget;
			buildConfigurationList = 545DEDFB26217A5D00EE369D /* Build configuration list for PBXNativeTarget "ExchangeRates" */;
			buildPhases = (
				545DEDCD26217A5800EE369D /* Sources */,
				545DEDCE26217A5800EE369D /* Frameworks */,
				545DEDCF26217A5800EE369D /* Resources */,
			);
			buildRules = (
			);
			dependencies = (
			);
			name = ExchangeRates;
			productName = ExchangeRates;
			productReference = 545DEDD126217A5800EE369D /* ExchangeRates.app */;
			productType = "com.apple.product-type.application";
		};
		545DEDE626217A5D00EE369D /* ExchangeRatesTests */ = {
			isa = PBXNativeTarget;
			buildConfigurationList = 545DEDFE26217A5D00EE369D /* Build configuration list for PBXNativeTarget "ExchangeRatesTests" */;
			buildPhases = (
				545DEDE326217A5D00EE369D /* Sources */,
				545DEDE426217A5D00EE369D /* Frameworks */,
				545DEDE526217A5D00EE369D /* Resources */,
			);
			buildRules = (
			);
			dependencies = (
				545DEDE926217A5D00EE369D /* PBXTargetDependency */,
			);
			name = ExchangeRatesTests;
			productName = ExchangeRatesTests;
			productReference = 545DEDE726217A5D00EE369D /* ExchangeRatesTests.xctest */;
			productType = "com.apple.product-type.bundle.unit-test";
		};
		545DEDF126217A5D00EE369D /* ExchangeRatesUITests */ = {
			isa = PBXNativeTarget;
			buildConfigurationList = 545DEE0126217A5D00EE369D /* Build configuration list for PBXNativeTarget "ExchangeRatesUITests" */;
			buildPhases = (
				545DEDEE26217A5D00EE369D /* Sources */,
				545DEDEF26217A5D00EE369D /* Frameworks */,
				545DEDF026217A5D00EE369D /* Resources */,
			);
			buildRules = (
			);
			dependencies = (
				545DEDF426217A5D00EE369D /* PBXTargetDependency */,
			);
			name = ExchangeRatesUITests;
			productName = ExchangeRatesUITests;
			productReference = 545DEDF226217A5D00EE369D /* ExchangeRatesUITests.xctest */;
			productType = "com.apple.product-type.bundle.ui-testing";
		};
/* End PBXNativeTarget section */

/* Begin PBXProject section */
		545DEDC926217A5800EE369D /* Project object */ = {
			isa = PBXProject;
			attributes = {
				LastSwiftUpdateCheck = 1240;
				LastUpgradeCheck = 1240;
				TargetAttributes = {
					545DEDD026217A5800EE369D = {
						CreatedOnToolsVersion = 12.4;
					};
					545DEDE626217A5D00EE369D = {
						CreatedOnToolsVersion = 12.4;
						TestTargetID = 545DEDD026217A5800EE369D;
					};
					545DEDF126217A5D00EE369D = {
						CreatedOnToolsVersion = 12.4;
						TestTargetID = 545DEDD026217A5800EE369D;
					};
				};
			};
			buildConfigurationList = 545DEDCC26217A5800EE369D /* Build configuration list for PBXProject "ExchangeRates" */;
			compatibilityVersion = "Xcode 9.3";
			developmentRegion = en;
			hasScannedForEncodings = 0;
			knownRegions = (
				en,
				Base,
			);
			mainGroup = 545DEDC826217A5800EE369D;
			productRefGroup = 545DEDD226217A5800EE369D /* Products */;
			projectDirPath = "";
			projectRoot = "";
			targets = (
				545DEDD026217A5800EE369D /* ExchangeRates */,
				545DEDE626217A5D00EE369D /* ExchangeRatesTests */,
				545DEDF126217A5D00EE369D /* ExchangeRatesUITests */,
			);
		};
/* End PBXProject section */

/* Begin PBXResourcesBuildPhase section */
		545DEDCF26217A5800EE369D /* Resources */ = {
			isa = PBXResourcesBuildPhase;
			buildActionMask = 2147483647;
			files = (
				545DEDDC26217A5C00EE369D /* Preview Assets.xcassets in Resources */,
				545DEDD926217A5C00EE369D /* Assets.xcassets in Resources */,
			);
			runOnlyForDeploymentPostprocessing = 0;
		};
		545DEDE526217A5D00EE369D /* Resources */ = {
			isa = PBXResourcesBuildPhase;
			buildActionMask = 2147483647;
			files = (
			);
			runOnlyForDeploymentPostprocessing = 0;
		};
		545DEDF026217A5D00EE369D /* Resources */ = {
			isa = PBXResourcesBuildPhase;
			buildActionMask = 2147483647;
			files = (
			);
			runOnlyForDeploymentPostprocessing = 0;
		};
/* End PBXResourcesBuildPhase section */

/* Begin PBXSourcesBuildPhase section */
		545DEDCD26217A5800EE369D /* Sources */ = {
			isa = PBXSourcesBuildPhase;
			buildActionMask = 2147483647;
			files = (
				545DEDE126217A5C00EE369D /* ExchangeRates.xcdatamodeld in Sources */,
				545DEE0826217CD500EE369D /* Rates.swift in Sources */,
				545DEE302621B40500EE369D /* BaseRate.swift in Sources */,
				545DEDDE26217A5C00EE369D /* Persistence.swift in Sources */,
				545DEDD526217A5800EE369D /* ExchangeRatesApp.swift in Sources */,
				545DEE222621A94200EE369D /* EditRates.swift in Sources */,
			);
			runOnlyForDeploymentPostprocessing = 0;
		};
		545DEDE326217A5D00EE369D /* Sources */ = {
			isa = PBXSourcesBuildPhase;
			buildActionMask = 2147483647;
			files = (
				545DEDEC26217A5D00EE369D /* ExchangeRatesTests.swift in Sources */,
			);
			runOnlyForDeploymentPostprocessing = 0;
		};
		545DEDEE26217A5D00EE369D /* Sources */ = {
			isa = PBXSourcesBuildPhase;
			buildActionMask = 2147483647;
			files = (
				545DEDF726217A5D00EE369D /* ExchangeRatesUITests.swift in Sources */,
			);
			runOnlyForDeploymentPostprocessing = 0;
		};
/* End PBXSourcesBuildPhase section */

/* Begin PBXTargetDependency section */
		545DEDE926217A5D00EE369D /* PBXTargetDependency */ = {
			isa = PBXTargetDependency;
			target = 545DEDD026217A5800EE369D /* ExchangeRates */;
			targetProxy = 545DEDE826217A5D00EE369D /* PBXContainerItemProxy */;
		};
		545DEDF426217A5D00EE369D /* PBXTargetDependency */ = {
			isa = PBXTargetDependency;
			target = 545DEDD026217A5800EE369D /* ExchangeRates */;
			targetProxy = 545DEDF326217A5D00EE369D /* PBXContainerItemProxy */;
		};
/* End PBXTargetDependency section */

/* Begin XCBuildConfiguration section */
		545DEDF926217A5D00EE369D /* Debug */ = {
			isa = XCBuildConfiguration;
			buildSettings = {
				ALWAYS_SEARCH_USER_PATHS = NO;
				CLANG_ANALYZER_NONNULL = YES;
				CLANG_ANALYZER_NUMBER_OBJECT_CONVERSION = YES_AGGRESSIVE;
				CLANG_CXX_LANGUAGE_STANDARD = "gnu++14";
				CLANG_CXX_LIBRARY = "libc++";
				CLANG_ENABLE_MODULES = YES;
				CLANG_ENABLE_OBJC_ARC = YES;
				CLANG_ENABLE_OBJC_WEAK = YES;
				CLANG_WARN_BLOCK_CAPTURE_AUTORELEASING = YES;
				CLANG_WARN_BOOL_CONVERSION = YES;
				CLANG_WARN_COMMA = YES;
				CLANG_WARN_CONSTANT_CONVERSION = YES;
				CLANG_WARN_DEPRECATED_OBJC_IMPLEMENTATIONS = YES;
				CLANG_WARN_DIRECT_OBJC_ISA_USAGE = YES_ERROR;
				CLANG_WARN_DOCUMENTATION_COMMENTS = YES;
				CLANG_WARN_EMPTY_BODY = YES;
				CLANG_WARN_ENUM_CONVERSION = YES;
				CLANG_WARN_INFINITE_RECURSION = YES;
				CLANG_WARN_INT_CONVERSION = YES;
				CLANG_WARN_NON_LITERAL_NULL_CONVERSION = YES;
				CLANG_WARN_OBJC_IMPLICIT_RETAIN_SELF = YES;
				CLANG_WARN_OBJC_LITERAL_CONVERSION = YES;
				CLANG_WARN_OBJC_ROOT_CLASS = YES_ERROR;
				CLANG_WARN_QUOTED_INCLUDE_IN_FRAMEWORK_HEADER = YES;
				CLANG_WARN_RANGE_LOOP_ANALYSIS = YES;
				CLANG_WARN_STRICT_PROTOTYPES = YES;
				CLANG_WARN_SUSPICIOUS_MOVE = YES;
				CLANG_WARN_UNGUARDED_AVAILABILITY = YES_AGGRESSIVE;
				CLANG_WARN_UNREACHABLE_CODE = YES;
				CLANG_WARN__DUPLICATE_METHOD_MATCH = YES;
				COPY_PHASE_STRIP = NO;
				DEBUG_INFORMATION_FORMAT = dwarf;
				ENABLE_STRICT_OBJC_MSGSEND = YES;
				ENABLE_TESTABILITY = YES;
				GCC_C_LANGUAGE_STANDARD = gnu11;
				GCC_DYNAMIC_NO_PIC = NO;
				GCC_NO_COMMON_BLOCKS = YES;
				GCC_OPTIMIZATION_LEVEL = 0;
				GCC_PREPROCESSOR_DEFINITIONS = (
					"DEBUG=1",
					"$(inherited)",
				);
				GCC_WARN_64_TO_32_BIT_CONVERSION = YES;
				GCC_WARN_ABOUT_RETURN_TYPE = YES_ERROR;
				GCC_WARN_UNDECLARED_SELECTOR = YES;
				GCC_WARN_UNINITIALIZED_AUTOS = YES_AGGRESSIVE;
				GCC_WARN_UNUSED_FUNCTION = YES;
				GCC_WARN_UNUSED_VARIABLE = YES;
				IPHONEOS_DEPLOYMENT_TARGET = 14.4;
				MTL_ENABLE_DEBUG_INFO = INCLUDE_SOURCE;
				MTL_FAST_MATH = YES;
				ONLY_ACTIVE_ARCH = YES;
				SDKROOT = iphoneos;
				SWIFT_ACTIVE_COMPILATION_CONDITIONS = DEBUG;
				SWIFT_OPTIMIZATION_LEVEL = "-Onone";
			};
			name = Debug;
		};
		545DEDFA26217A5D00EE369D /* Release */ = {
			isa = XCBuildConfiguration;
			buildSettings = {
				ALWAYS_SEARCH_USER_PATHS = NO;
				CLANG_ANALYZER_NONNULL = YES;
				CLANG_ANALYZER_NUMBER_OBJECT_CONVERSION = YES_AGGRESSIVE;
				CLANG_CXX_LANGUAGE_STANDARD = "gnu++14";
				CLANG_CXX_LIBRARY = "libc++";
				CLANG_ENABLE_MODULES = YES;
				CLANG_ENABLE_OBJC_ARC = YES;
				CLANG_ENABLE_OBJC_WEAK = YES;
				CLANG_WARN_BLOCK_CAPTURE_AUTORELEASING = YES;
				CLANG_WARN_BOOL_CONVERSION = YES;
				CLANG_WARN_COMMA = YES;
				CLANG_WARN_CONSTANT_CONVERSION = YES;
				CLANG_WARN_DEPRECATED_OBJC_IMPLEMENTATIONS = YES;
				CLANG_WARN_DIRECT_OBJC_ISA_USAGE = YES_ERROR;
				CLANG_WARN_DOCUMENTATION_COMMENTS = YES;
				CLANG_WARN_EMPTY_BODY = YES;
				CLANG_WARN_ENUM_CONVERSION = YES;
				CLANG_WARN_INFINITE_RECURSION = YES;
				CLANG_WARN_INT_CONVERSION = YES;
				CLANG_WARN_NON_LITERAL_NULL_CONVERSION = YES;
				CLANG_WARN_OBJC_IMPLICIT_RETAIN_SELF = YES;
				CLANG_WARN_OBJC_LITERAL_CONVERSION = YES;
				CLANG_WARN_OBJC_ROOT_CLASS = YES_ERROR;
				CLANG_WARN_QUOTED_INCLUDE_IN_FRAMEWORK_HEADER = YES;
				CLANG_WARN_RANGE_LOOP_ANALYSIS = YES;
				CLANG_WARN_STRICT_PROTOTYPES = YES;
				CLANG_WARN_SUSPICIOUS_MOVE = YES;
				CLANG_WARN_UNGUARDED_AVAILABILITY = YES_AGGRESSIVE;
				CLANG_WARN_UNREACHABLE_CODE = YES;
				CLANG_WARN__DUPLICATE_METHOD_MATCH = YES;
				COPY_PHASE_STRIP = NO;
				DEBUG_INFORMATION_FORMAT = "dwarf-with-dsym";
				ENABLE_NS_ASSERTIONS = NO;
				ENABLE_STRICT_OBJC_MSGSEND = YES;
				GCC_C_LANGUAGE_STANDARD = gnu11;
				GCC_NO_COMMON_BLOCKS = YES;
				GCC_WARN_64_TO_32_BIT_CONVERSION = YES;
				GCC_WARN_ABOUT_RETURN_TYPE = YES_ERROR;
				GCC_WARN_UNDECLARED_SELECTOR = YES;
				GCC_WARN_UNINITIALIZED_AUTOS = YES_AGGRESSIVE;
				GCC_WARN_UNUSED_FUNCTION = YES;
				GCC_WARN_UNUSED_VARIABLE = YES;
				IPHONEOS_DEPLOYMENT_TARGET = 14.4;
				MTL_ENABLE_DEBUG_INFO = NO;
				MTL_FAST_MATH = YES;
				SDKROOT = iphoneos;
				SWIFT_COMPILATION_MODE = wholemodule;
				SWIFT_OPTIMIZATION_LEVEL = "-O";
				VALIDATE_PRODUCT = YES;
			};
			name = Release;
		};
		545DEDFC26217A5D00EE369D /* Debug */ = {
			isa = XCBuildConfiguration;
			buildSettings = {
				ASSETCATALOG_COMPILER_APPICON_NAME = AppIcon;
				ASSETCATALOG_COMPILER_GLOBAL_ACCENT_COLOR_NAME = AccentColor;
				CODE_SIGN_STYLE = Automatic;
				DEVELOPMENT_ASSET_PATHS = "\"ExchangeRates/Preview Content\"";
				DEVELOPMENT_TEAM = KMT54P727D;
				ENABLE_PREVIEWS = YES;
				INFOPLIST_FILE = ExchangeRates/Info.plist;
				IPHONEOS_DEPLOYMENT_TARGET = 14.0;
				LD_RUNPATH_SEARCH_PATHS = (
					"$(inherited)",
					"@executable_path/Frameworks",
				);
				PRODUCT_BUNDLE_IDENTIFIER = markofnobody.ExchangeRates;
				PRODUCT_NAME = "$(TARGET_NAME)";
				SWIFT_VERSION = 5.0;
				TARGETED_DEVICE_FAMILY = 1;
			};
			name = Debug;
		};
		545DEDFD26217A5D00EE369D /* Release */ = {
			isa = XCBuildConfiguration;
			buildSettings = {
				ASSETCATALOG_COMPILER_APPICON_NAME = AppIcon;
				ASSETCATALOG_COMPILER_GLOBAL_ACCENT_COLOR_NAME = AccentColor;
				CODE_SIGN_STYLE = Automatic;
				DEVELOPMENT_ASSET_PATHS = "\"ExchangeRates/Preview Content\"";
				DEVELOPMENT_TEAM = KMT54P727D;
				ENABLE_PREVIEWS = YES;
				INFOPLIST_FILE = ExchangeRates/Info.plist;
				IPHONEOS_DEPLOYMENT_TARGET = 14.0;
				LD_RUNPATH_SEARCH_PATHS = (
					"$(inherited)",
					"@executable_path/Frameworks",
				);
				PRODUCT_BUNDLE_IDENTIFIER = markofnobody.ExchangeRates;
				PRODUCT_NAME = "$(TARGET_NAME)";
				SWIFT_VERSION = 5.0;
				TARGETED_DEVICE_FAMILY = 1;
			};
			name = Release;
		};
		545DEDFF26217A5D00EE369D /* Debug */ = {
			isa = XCBuildConfiguration;
			buildSettings = {
				ALWAYS_EMBED_SWIFT_STANDARD_LIBRARIES = YES;
				BUNDLE_LOADER = "$(TEST_HOST)";
				CODE_SIGN_STYLE = Automatic;
				DEVELOPMENT_TEAM = KMT54P727D;
				INFOPLIST_FILE = ExchangeRatesTests/Info.plist;
				IPHONEOS_DEPLOYMENT_TARGET = 14.0;
				LD_RUNPATH_SEARCH_PATHS = (
					"$(inherited)",
					"@executable_path/Frameworks",
					"@loader_path/Frameworks",
				);
				PRODUCT_BUNDLE_IDENTIFIER = markofnobody.ExchangeRatesTests;
				PRODUCT_NAME = "$(TARGET_NAME)";
				SWIFT_VERSION = 5.0;
				TARGETED_DEVICE_FAMILY = "1,2";
				TEST_HOST = "$(BUILT_PRODUCTS_DIR)/ExchangeRates.app/ExchangeRates";
			};
			name = Debug;
		};
		545DEE0026217A5D00EE369D /* Release */ = {
			isa = XCBuildConfiguration;
			buildSettings = {
				ALWAYS_EMBED_SWIFT_STANDARD_LIBRARIES = YES;
				BUNDLE_LOADER = "$(TEST_HOST)";
				CODE_SIGN_STYLE = Automatic;
				DEVELOPMENT_TEAM = KMT54P727D;
				INFOPLIST_FILE = ExchangeRatesTests/Info.plist;
				IPHONEOS_DEPLOYMENT_TARGET = 14.0;
				LD_RUNPATH_SEARCH_PATHS = (
					"$(inherited)",
					"@executable_path/Frameworks",
					"@loader_path/Frameworks",
				);
				PRODUCT_BUNDLE_IDENTIFIER = markofnobody.ExchangeRatesTests;
				PRODUCT_NAME = "$(TARGET_NAME)";
				SWIFT_VERSION = 5.0;
				TARGETED_DEVICE_FAMILY = "1,2";
				TEST_HOST = "$(BUILT_PRODUCTS_DIR)/ExchangeRates.app/ExchangeRates";
			};
			name = Release;
		};
		545DEE0226217A5D00EE369D /* Debug */ = {
			isa = XCBuildConfiguration;
			buildSettings = {
				ALWAYS_EMBED_SWIFT_STANDARD_LIBRARIES = YES;
				CODE_SIGN_STYLE = Automatic;
				DEVELOPMENT_TEAM = KMT54P727D;
				INFOPLIST_FILE = ExchangeRatesUITests/Info.plist;
				LD_RUNPATH_SEARCH_PATHS = (
					"$(inherited)",
					"@executable_path/Frameworks",
					"@loader_path/Frameworks",
				);
				PRODUCT_BUNDLE_IDENTIFIER = markofnobody.ExchangeRatesUITests;
				PRODUCT_NAME = "$(TARGET_NAME)";
				SWIFT_VERSION = 5.0;
				TARGETED_DEVICE_FAMILY = "1,2";
				TEST_TARGET_NAME = ExchangeRates;
			};
			name = Debug;
		};
		545DEE0326217A5D00EE369D /* Release */ = {
			isa = XCBuildConfiguration;
			buildSettings = {
				ALWAYS_EMBED_SWIFT_STANDARD_LIBRARIES = YES;
				CODE_SIGN_STYLE = Automatic;
				DEVELOPMENT_TEAM = KMT54P727D;
				INFOPLIST_FILE = ExchangeRatesUITests/Info.plist;
				LD_RUNPATH_SEARCH_PATHS = (
					"$(inherited)",
					"@executable_path/Frameworks",
					"@loader_path/Frameworks",
				);
				PRODUCT_BUNDLE_IDENTIFIER = markofnobody.ExchangeRatesUITests;
				PRODUCT_NAME = "$(TARGET_NAME)";
				SWIFT_VERSION = 5.0;
				TARGETED_DEVICE_FAMILY = "1,2";
				TEST_TARGET_NAME = ExchangeRates;
			};
			name = Release;
		};
/* End XCBuildConfiguration section */

/* Begin XCConfigurationList section */
		545DEDCC26217A5800EE369D /* Build configuration list for PBXProject "ExchangeRates" */ = {
			isa = XCConfigurationList;
			buildConfigurations = (
				545DEDF926217A5D00EE369D /* Debug */,
				545DEDFA26217A5D00EE369D /* Release */,
			);
			defaultConfigurationIsVisible = 0;
			defaultConfigurationName = Release;
		};
		545DEDFB26217A5D00EE369D /* Build configuration list for PBXNativeTarget "ExchangeRates" */ = {
			isa = XCConfigurationList;
			buildConfigurations = (
				545DEDFC26217A5D00EE369D /* Debug */,
				545DEDFD26217A5D00EE369D /* Release */,
			);
			defaultConfigurationIsVisible = 0;
			defaultConfigurationName = Release;
		};
		545DEDFE26217A5D00EE369D /* Build configuration list for PBXNativeTarget "ExchangeRatesTests" */ = {
			isa = XCConfigurationList;
			buildConfigurations = (
				545DEDFF26217A5D00EE369D /* Debug */,
				545DEE0026217A5D00EE369D /* Release */,
			);
			defaultConfigurationIsVisible = 0;
			defaultConfigurationName = Release;
		};
		545DEE0126217A5D00EE369D /* Build configuration list for PBXNativeTarget "ExchangeRatesUITests" */ = {
			isa = XCConfigurationList;
			buildConfigurations = (
				545DEE0226217A5D00EE369D /* Debug */,
				545DEE0326217A5D00EE369D /* Release */,
			);
			defaultConfigurationIsVisible = 0;
			defaultConfigurationName = Release;
		};
/* End XCConfigurationList section */

/* Begin XCVersionGroup section */
		545DEDDF26217A5C00EE369D /* ExchangeRates.xcdatamodeld */ = {
			isa = XCVersionGroup;
			children = (
				545DEDE026217A5C00EE369D /* ExchangeRates.xcdatamodel */,
			);
			currentVersion = 545DEDE026217A5C00EE369D /* ExchangeRates.xcdatamodel */;
			path = ExchangeRates.xcdatamodeld;
			sourceTree = "<group>";
			versionGroupType = wrapper.xcdatamodel;
		};
/* End XCVersionGroup section */
	};
	rootObject = 545DEDC926217A5800EE369D /* Project object */;
}
